
Microsoft Visual Studio Solution File, Format Version 12.00
# Visual Studio 15
VisualStudioVersion = 15.0.26228.9
MinimumVisualStudioVersion = 10.0.40219.1
Project("{FAE04EC0-301F-11D3-BF4B-00C04F79EFBC}") = "AzureAppDemo", "AzureAppDemo\AzureAppDemo.csproj", "{BC16F561-AE55-42E5-998D-E22A22E05CE8}"
EndProject
Project("{2150E333-8FDC-42A3-9474-1A3956D46DE8}") = "Script", "Script", "{0C2C6854-FD4D-4B8B-846C-4E974FB8ABCD}"
	ProjectSection(SolutionItems) = preProject
		CreateAzureADApplication.ps1 = CreateAzureADApplication.ps1
	EndProjectSection
EndProject
Global
	GlobalSection(SolutionConfigurationPlatforms) = preSolution
		Debug|Any CPU = Debug|Any CPU
		Release|Any CPU = Release|Any CPU
	EndGlobalSection
	GlobalSection(ProjectConfigurationPlatforms) = postSolution
		{BC16F561-AE55-42E5-998D-E22A22E05CE8}.Debug|Any CPU.ActiveCfg = Debug|Any CPU
		{BC16F561-AE55-42E5-998D-E22A22E05CE8}.Debug|Any CPU.Build.0 = Debug|Any CPU
		{BC16F561-AE55-42E5-998D-E22A22E05CE8}.Release|Any CPU.ActiveCfg = Release|Any CPU
		{BC16F561-AE55-42E5-998D-E22A22E05CE8}.Release|Any CPU.Build.0 = Release|Any CPU
	EndGlobalSection
	GlobalSection(SolutionProperties) = preSolution
		HideSolutionNode = FALSE
	EndGlobalSection
EndGlobal
